// !$*UTF8*$!
{
	archiveVersion = 1;
	classes = {
	};
	objectVersion = 54;
	objects = {

/* Begin PBXBuildFile section */
		8646849D68F756B8CEED3D57 /* Pods_OinkBrew_Mobile.framework in Frameworks */ = {isa = PBXBuildFile; fileRef = B225B74C864C2E2B2555E4CF /* Pods_OinkBrew_Mobile.framework */; };
		D312D0C32817FB6E00A91252 /* UserStateViewModel.swift in Sources */ = {isa = PBXBuildFile; fileRef = D312D0C22817FB6E00A91252 /* UserStateViewModel.swift */; };
		D312D0C52817FD4E00A91252 /* PreferenceViewModel.swift in Sources */ = {isa = PBXBuildFile; fileRef = D312D0C42817FD4E00A91252 /* PreferenceViewModel.swift */; };
		D312D0C7281800D300A91252 /* PreferenceScreen.swift in Sources */ = {isa = PBXBuildFile; fileRef = D312D0C6281800D300A91252 /* PreferenceScreen.swift */; };
		D312D0C9281800EA00A91252 /* SignInScreen.swift in Sources */ = {isa = PBXBuildFile; fileRef = D312D0C8281800EA00A91252 /* SignInScreen.swift */; };
		D312D0CB281800FE00A91252 /* SignUpScreen.swift in Sources */ = {isa = PBXBuildFile; fileRef = D312D0CA281800FE00A91252 /* SignUpScreen.swift */; };
		D312D0CD2818011400A91252 /* HomeScreen.swift in Sources */ = {isa = PBXBuildFile; fileRef = D312D0CC2818011400A91252 /* HomeScreen.swift */; };
		D34327A328E583BE00B19689 /* URLResponse.swift in Sources */ = {isa = PBXBuildFile; fileRef = D34327A228E583BE00B19689 /* URLResponse.swift */; };
		D34327A528E6CA4200B19689 /* UserStateViewModelTests.swift in Sources */ = {isa = PBXBuildFile; fileRef = D34327A428E6CA4100B19689 /* UserStateViewModelTests.swift */; };
		D34327A728E6D27600B19689 /* Preferences.swift in Sources */ = {isa = PBXBuildFile; fileRef = D34327A628E6D27600B19689 /* Preferences.swift */; };
		D34327AE28EA0C6C00B19689 /* MockedData.swift in Sources */ = {isa = PBXBuildFile; fileRef = D34327AD28EA0C6C00B19689 /* MockedData.swift */; };
		D34327B128EA0F1D00B19689 /* signUpGoodResponse.json in Resources */ = {isa = PBXBuildFile; fileRef = D34327B028EA0F1D00B19689 /* signUpGoodResponse.json */; };
		D34327B328ED69D400B19689 /* signUpConfirmSuccess.json in Resources */ = {isa = PBXBuildFile; fileRef = D34327B228ED69D400B19689 /* signUpConfirmSuccess.json */; };
		D35D60492829329A00F6710F /* XCUIApplication.UserDefaults.swift in Sources */ = {isa = PBXBuildFile; fileRef = D35D60482829329A00F6710F /* XCUIApplication.UserDefaults.swift */; };
		D35D604B282A733300F6710F /* TextFieldStyles.swift in Sources */ = {isa = PBXBuildFile; fileRef = D35D604A282A733300F6710F /* TextFieldStyles.swift */; };
		D367650F2BDEEB4200D5373D /* Argon2Swift in Frameworks */ = {isa = PBXBuildFile; productRef = D367650E2BDEEB4200D5373D /* Argon2Swift */; };
		D36765122BDEED2700D5373D /* Mocker in Frameworks */ = {isa = PBXBuildFile; productRef = D36765112BDEED2700D5373D /* Mocker */; };
		D36950FC281AC1C900D51C3B /* BackgroundStartUpView.swift in Sources */ = {isa = PBXBuildFile; fileRef = D36950FB281AC1C900D51C3B /* BackgroundStartUpView.swift */; };
		D36950FF281E400100D51C3B /* ButtonStyles.swift in Sources */ = {isa = PBXBuildFile; fileRef = D36950FE281E400100D51C3B /* ButtonStyles.swift */; };
		D3695101281E518C00D51C3B /* DeviceRotationViewModifier.swift in Sources */ = {isa = PBXBuildFile; fileRef = D3695100281E518C00D51C3B /* DeviceRotationViewModifier.swift */; };
		D3695103281E5BFE00D51C3B /* ViewStyles.swift in Sources */ = {isa = PBXBuildFile; fileRef = D3695102281E5BFE00D51C3B /* ViewStyles.swift */; };
		D369511228264B7500D51C3B /* PreferenceViewModelTests.swift in Sources */ = {isa = PBXBuildFile; fileRef = D369511128264B7500D51C3B /* PreferenceViewModelTests.swift */; };
		D369511828264FD900D51C3B /* Constants.swift in Sources */ = {isa = PBXBuildFile; fileRef = D369511728264FD900D51C3B /* Constants.swift */; };
		D397A20826934326008F724D /* OinkBrew_MobileApp.swift in Sources */ = {isa = PBXBuildFile; fileRef = D397A20726934326008F724D /* OinkBrew_MobileApp.swift */; };
		D397A20C26934327008F724D /* Assets.xcassets in Resources */ = {isa = PBXBuildFile; fileRef = D397A20B26934327008F724D /* Assets.xcassets */; };
		D397A20F26934327008F724D /* Preview Assets.xcassets in Resources */ = {isa = PBXBuildFile; fileRef = D397A20E26934327008F724D /* Preview Assets.xcassets */; };
		D397A21726934509008F724D /* AppDelegate.swift in Sources */ = {isa = PBXBuildFile; fileRef = D397A21626934509008F724D /* AppDelegate.swift */; };
		D3A715282BF73E0E00BB824C /* SignInScreenTests.swift in Sources */ = {isa = PBXBuildFile; fileRef = D3A715272BF73E0E00BB824C /* SignInScreenTests.swift */; };
		D3B4E0FD282804CE0063BEE8 /* PreferenceScreenTests.swift in Sources */ = {isa = PBXBuildFile; fileRef = D3B4E0FC282804CE0063BEE8 /* PreferenceScreenTests.swift */; };
		D3BF87282C03785D00693E8D /* SwiftOTP in Frameworks */ = {isa = PBXBuildFile; productRef = D3BF87272C03785D00693E8D /* SwiftOTP */; };
		D3BF872A2C03785D00693E8D /* SwiftOTP-Dynamic in Frameworks */ = {isa = PBXBuildFile; productRef = D3BF87292C03785D00693E8D /* SwiftOTP-Dynamic */; };
		D3BF872C2C037D3400693E8D /* SignUpScreenTests.swift in Sources */ = {isa = PBXBuildFile; fileRef = D3BF872B2C037D3400693E8D /* SignUpScreenTests.swift */; };
		D3BF872F2C03821000693E8D /* Fakery in Frameworks */ = {isa = PBXBuildFile; productRef = D3BF872E2C03821000693E8D /* Fakery */; };
		D3BF87312C046D3400693E8D /* Launch.storyboard in Resources */ = {isa = PBXBuildFile; fileRef = D3BF87302C046D3400693E8D /* Launch.storyboard */; };
		DAE675476DE0F0687DB299A1 /* Pods_OinkBrew_Mobile_Tests.framework in Frameworks */ = {isa = PBXBuildFile; fileRef = F283108827C070C926FB8716 /* Pods_OinkBrew_Mobile_Tests.framework */; };
/* End PBXBuildFile section */

/* Begin PBXContainerItemProxy section */
		D369510C28264AE900D51C3B /* PBXContainerItemProxy */ = {
			isa = PBXContainerItemProxy;
			containerPortal = D397A1FC26934326008F724D /* Project object */;
			proxyType = 1;
			remoteGlobalIDString = D397A20326934326008F724D;
			remoteInfo = "OinkBrew Mobile";
		};
		D3B4E0F72828044A0063BEE8 /* PBXContainerItemProxy */ = {
			isa = PBXContainerItemProxy;
			containerPortal = D397A1FC26934326008F724D /* Project object */;
			proxyType = 1;
			remoteGlobalIDString = D397A20326934326008F724D;
			remoteInfo = "OinkBrew Mobile";
		};
/* End PBXContainerItemProxy section */

/* Begin PBXFileReference section */
		3BB15C46180041BF95EBB8E5 /* Pods-OinkBrew Mobile Tests.release.xcconfig */ = {isa = PBXFileReference; includeInIndex = 1; lastKnownFileType = text.xcconfig; name = "Pods-OinkBrew Mobile Tests.release.xcconfig"; path = "Target Support Files/Pods-OinkBrew Mobile Tests/Pods-OinkBrew Mobile Tests.release.xcconfig"; sourceTree = "<group>"; };
		A67EAF68524A2199408F2310 /* Pods-OinkBrew Mobile Tests.debug.xcconfig */ = {isa = PBXFileReference; includeInIndex = 1; lastKnownFileType = text.xcconfig; name = "Pods-OinkBrew Mobile Tests.debug.xcconfig"; path = "Target Support Files/Pods-OinkBrew Mobile Tests/Pods-OinkBrew Mobile Tests.debug.xcconfig"; sourceTree = "<group>"; };
		B225B74C864C2E2B2555E4CF /* Pods_OinkBrew_Mobile.framework */ = {isa = PBXFileReference; explicitFileType = wrapper.framework; includeInIndex = 0; path = Pods_OinkBrew_Mobile.framework; sourceTree = BUILT_PRODUCTS_DIR; };
		D1209AE12A0B4581EE702E09 /* Pods-OinkBrew Mobile.debug.xcconfig */ = {isa = PBXFileReference; includeInIndex = 1; lastKnownFileType = text.xcconfig; name = "Pods-OinkBrew Mobile.debug.xcconfig"; path = "Target Support Files/Pods-OinkBrew Mobile/Pods-OinkBrew Mobile.debug.xcconfig"; sourceTree = "<group>"; };
		D312D0C22817FB6E00A91252 /* UserStateViewModel.swift */ = {isa = PBXFileReference; lastKnownFileType = sourcecode.swift; path = UserStateViewModel.swift; sourceTree = "<group>"; };
		D312D0C42817FD4E00A91252 /* PreferenceViewModel.swift */ = {isa = PBXFileReference; lastKnownFileType = sourcecode.swift; path = PreferenceViewModel.swift; sourceTree = "<group>"; };
		D312D0C6281800D300A91252 /* PreferenceScreen.swift */ = {isa = PBXFileReference; lastKnownFileType = sourcecode.swift; path = PreferenceScreen.swift; sourceTree = "<group>"; };
		D312D0C8281800EA00A91252 /* SignInScreen.swift */ = {isa = PBXFileReference; lastKnownFileType = sourcecode.swift; path = SignInScreen.swift; sourceTree = "<group>"; };
		D312D0CA281800FE00A91252 /* SignUpScreen.swift */ = {isa = PBXFileReference; lastKnownFileType = sourcecode.swift; path = SignUpScreen.swift; sourceTree = "<group>"; };
		D312D0CC2818011400A91252 /* HomeScreen.swift */ = {isa = PBXFileReference; lastKnownFileType = sourcecode.swift; path = HomeScreen.swift; sourceTree = "<group>"; };
		D34327A228E583BE00B19689 /* URLResponse.swift */ = {isa = PBXFileReference; lastKnownFileType = sourcecode.swift; path = URLResponse.swift; sourceTree = "<group>"; };
		D34327A428E6CA4100B19689 /* UserStateViewModelTests.swift */ = {isa = PBXFileReference; lastKnownFileType = sourcecode.swift; path = UserStateViewModelTests.swift; sourceTree = "<group>"; };
		D34327A628E6D27600B19689 /* Preferences.swift */ = {isa = PBXFileReference; lastKnownFileType = sourcecode.swift; name = Preferences.swift; path = "OinkBrew Mobile Tests/ViewModels/Preferences.swift"; sourceTree = SOURCE_ROOT; };
		D34327AD28EA0C6C00B19689 /* MockedData.swift */ = {isa = PBXFileReference; lastKnownFileType = sourcecode.swift; path = MockedData.swift; sourceTree = "<group>"; };
		D34327B028EA0F1D00B19689 /* signUpGoodResponse.json */ = {isa = PBXFileReference; lastKnownFileType = text.json; path = signUpGoodResponse.json; sourceTree = "<group>"; };
		D34327B228ED69D400B19689 /* signUpConfirmSuccess.json */ = {isa = PBXFileReference; lastKnownFileType = text.json; path = signUpConfirmSuccess.json; sourceTree = "<group>"; };
		D35D60482829329A00F6710F /* XCUIApplication.UserDefaults.swift */ = {isa = PBXFileReference; lastKnownFileType = sourcecode.swift; path = XCUIApplication.UserDefaults.swift; sourceTree = "<group>"; };
		D35D604A282A733300F6710F /* TextFieldStyles.swift */ = {isa = PBXFileReference; lastKnownFileType = sourcecode.swift; path = TextFieldStyles.swift; sourceTree = "<group>"; };
		D36950FB281AC1C900D51C3B /* BackgroundStartUpView.swift */ = {isa = PBXFileReference; lastKnownFileType = sourcecode.swift; path = BackgroundStartUpView.swift; sourceTree = "<group>"; };
		D36950FE281E400100D51C3B /* ButtonStyles.swift */ = {isa = PBXFileReference; lastKnownFileType = sourcecode.swift; path = ButtonStyles.swift; sourceTree = "<group>"; };
		D3695100281E518C00D51C3B /* DeviceRotationViewModifier.swift */ = {isa = PBXFileReference; lastKnownFileType = sourcecode.swift; path = DeviceRotationViewModifier.swift; sourceTree = "<group>"; };
		D3695102281E5BFE00D51C3B /* ViewStyles.swift */ = {isa = PBXFileReference; lastKnownFileType = sourcecode.swift; path = ViewStyles.swift; sourceTree = "<group>"; };
		D369510828264AE800D51C3B /* OinkBrew Mobile Tests.xctest */ = {isa = PBXFileReference; explicitFileType = wrapper.cfbundle; includeInIndex = 0; path = "OinkBrew Mobile Tests.xctest"; sourceTree = BUILT_PRODUCTS_DIR; };
		D369511128264B7500D51C3B /* PreferenceViewModelTests.swift */ = {isa = PBXFileReference; lastKnownFileType = sourcecode.swift; path = PreferenceViewModelTests.swift; sourceTree = "<group>"; };
		D369511728264FD900D51C3B /* Constants.swift */ = {isa = PBXFileReference; lastKnownFileType = sourcecode.swift; path = Constants.swift; sourceTree = "<group>"; };
		D397A20426934326008F724D /* OinkBrew Mobile.app */ = {isa = PBXFileReference; explicitFileType = wrapper.application; includeInIndex = 0; path = "OinkBrew Mobile.app"; sourceTree = BUILT_PRODUCTS_DIR; };
		D397A20726934326008F724D /* OinkBrew_MobileApp.swift */ = {isa = PBXFileReference; lastKnownFileType = sourcecode.swift; path = OinkBrew_MobileApp.swift; sourceTree = "<group>"; };
		D397A20B26934327008F724D /* Assets.xcassets */ = {isa = PBXFileReference; lastKnownFileType = folder.assetcatalog; path = Assets.xcassets; sourceTree = "<group>"; };
		D397A20E26934327008F724D /* Preview Assets.xcassets */ = {isa = PBXFileReference; lastKnownFileType = folder.assetcatalog; path = "Preview Assets.xcassets"; sourceTree = "<group>"; };
		D397A21026934327008F724D /* Info.plist */ = {isa = PBXFileReference; lastKnownFileType = text.plist.xml; path = Info.plist; sourceTree = "<group>"; };
		D397A21626934509008F724D /* AppDelegate.swift */ = {isa = PBXFileReference; lastKnownFileType = sourcecode.swift; path = AppDelegate.swift; sourceTree = "<group>"; };
		D3A715272BF73E0E00BB824C /* SignInScreenTests.swift */ = {isa = PBXFileReference; lastKnownFileType = sourcecode.swift; path = SignInScreenTests.swift; sourceTree = "<group>"; };
		D3B4E0F12828044A0063BEE8 /* OinkBrew MobileUI Tests.xctest */ = {isa = PBXFileReference; explicitFileType = wrapper.cfbundle; includeInIndex = 0; path = "OinkBrew MobileUI Tests.xctest"; sourceTree = BUILT_PRODUCTS_DIR; };
		D3B4E0FC282804CE0063BEE8 /* PreferenceScreenTests.swift */ = {isa = PBXFileReference; fileEncoding = 4; lastKnownFileType = sourcecode.swift; path = PreferenceScreenTests.swift; sourceTree = "<group>"; };
		D3BF872B2C037D3400693E8D /* SignUpScreenTests.swift */ = {isa = PBXFileReference; lastKnownFileType = sourcecode.swift; path = SignUpScreenTests.swift; sourceTree = "<group>"; };
		D3BF87302C046D3400693E8D /* Launch.storyboard */ = {isa = PBXFileReference; lastKnownFileType = file.storyboard; path = Launch.storyboard; sourceTree = "<group>"; };
		F283108827C070C926FB8716 /* Pods_OinkBrew_Mobile_Tests.framework */ = {isa = PBXFileReference; explicitFileType = wrapper.framework; includeInIndex = 0; path = Pods_OinkBrew_Mobile_Tests.framework; sourceTree = BUILT_PRODUCTS_DIR; };
		F7C3457A6FFE308F0E317835 /* Pods-OinkBrew Mobile.release.xcconfig */ = {isa = PBXFileReference; includeInIndex = 1; lastKnownFileType = text.xcconfig; name = "Pods-OinkBrew Mobile.release.xcconfig"; path = "Target Support Files/Pods-OinkBrew Mobile/Pods-OinkBrew Mobile.release.xcconfig"; sourceTree = "<group>"; };
/* End PBXFileReference section */

/* Begin PBXFrameworksBuildPhase section */
		D369510528264AE700D51C3B /* Frameworks */ = {
			isa = PBXFrameworksBuildPhase;
			buildActionMask = 2147483647;
			files = (
				DAE675476DE0F0687DB299A1 /* Pods_OinkBrew_Mobile_Tests.framework in Frameworks */,
				D36765122BDEED2700D5373D /* Mocker in Frameworks */,
			);
			runOnlyForDeploymentPostprocessing = 0;
		};
		D397A20126934326008F724D /* Frameworks */ = {
			isa = PBXFrameworksBuildPhase;
			buildActionMask = 2147483647;
			files = (
				8646849D68F756B8CEED3D57 /* Pods_OinkBrew_Mobile.framework in Frameworks */,
				D367650F2BDEEB4200D5373D /* Argon2Swift in Frameworks */,
			);
			runOnlyForDeploymentPostprocessing = 0;
		};
		D3B4E0EE2828044A0063BEE8 /* Frameworks */ = {
			isa = PBXFrameworksBuildPhase;
			buildActionMask = 2147483647;
			files = (
				D3BF872A2C03785D00693E8D /* SwiftOTP-Dynamic in Frameworks */,
				D3BF87282C03785D00693E8D /* SwiftOTP in Frameworks */,
				D3BF872F2C03821000693E8D /* Fakery in Frameworks */,
			);
			runOnlyForDeploymentPostprocessing = 0;
		};
/* End PBXFrameworksBuildPhase section */

/* Begin PBXGroup section */
		09CAA84D1A78FCAA39D4C18A /* Frameworks */ = {
			isa = PBXGroup;
			children = (
				B225B74C864C2E2B2555E4CF /* Pods_OinkBrew_Mobile.framework */,
				F283108827C070C926FB8716 /* Pods_OinkBrew_Mobile_Tests.framework */,
			);
			name = Frameworks;
			sourceTree = "<group>";
		};
		97AD26CF773E6FEB0B25EFC8 /* Pods */ = {
			isa = PBXGroup;
			children = (
				D1209AE12A0B4581EE702E09 /* Pods-OinkBrew Mobile.debug.xcconfig */,
				F7C3457A6FFE308F0E317835 /* Pods-OinkBrew Mobile.release.xcconfig */,
				A67EAF68524A2199408F2310 /* Pods-OinkBrew Mobile Tests.debug.xcconfig */,
				3BB15C46180041BF95EBB8E5 /* Pods-OinkBrew Mobile Tests.release.xcconfig */,
			);
			path = Pods;
			sourceTree = "<group>";
		};
		D310EC4027D9F75800994AD6 /* Screens */ = {
			isa = PBXGroup;
			children = (
				D312D0C6281800D300A91252 /* PreferenceScreen.swift */,
				D312D0C8281800EA00A91252 /* SignInScreen.swift */,
				D312D0CA281800FE00A91252 /* SignUpScreen.swift */,
				D312D0CC2818011400A91252 /* HomeScreen.swift */,
				D36950FB281AC1C900D51C3B /* BackgroundStartUpView.swift */,
				D3695100281E518C00D51C3B /* DeviceRotationViewModifier.swift */,
			);
			path = Screens;
			sourceTree = "<group>";
		};
		D310EC4127D9F76800994AD6 /* ViewModels */ = {
			isa = PBXGroup;
			children = (
				D312D0C22817FB6E00A91252 /* UserStateViewModel.swift */,
				D312D0C42817FD4E00A91252 /* PreferenceViewModel.swift */,
			);
			path = ViewModels;
			sourceTree = "<group>";
		};
		D34327A128E5839B00B19689 /* Extensions */ = {
			isa = PBXGroup;
			children = (
				D34327A228E583BE00B19689 /* URLResponse.swift */,
			);
			path = Extensions;
			sourceTree = "<group>";
		};
		D34327A828E9AB6500B19689 /* Mocks */ = {
			isa = PBXGroup;
			children = (
				D34327AF28EA0D4400B19689 /* Resources */,
				D34327AD28EA0C6C00B19689 /* MockedData.swift */,
			);
			path = Mocks;
			sourceTree = "<group>";
		};
		D34327AF28EA0D4400B19689 /* Resources */ = {
			isa = PBXGroup;
			children = (
				D34327B028EA0F1D00B19689 /* signUpGoodResponse.json */,
				D34327B228ED69D400B19689 /* signUpConfirmSuccess.json */,
			);
			path = Resources;
			sourceTree = "<group>";
		};
		D35D60472829327B00F6710F /* Helpers */ = {
			isa = PBXGroup;
			children = (
				D35D60482829329A00F6710F /* XCUIApplication.UserDefaults.swift */,
			);
			path = Helpers;
			sourceTree = "<group>";
		};
		D36950FD281E3FEC00D51C3B /* Styles */ = {
			isa = PBXGroup;
			children = (
				D36950FE281E400100D51C3B /* ButtonStyles.swift */,
				D3695102281E5BFE00D51C3B /* ViewStyles.swift */,
				D35D604A282A733300F6710F /* TextFieldStyles.swift */,
			);
			path = Styles;
			sourceTree = "<group>";
		};
		D369510928264AE900D51C3B /* OinkBrew Mobile Tests */ = {
			isa = PBXGroup;
			children = (
				D34327A828E9AB6500B19689 /* Mocks */,
				D369511528264CBA00D51C3B /* ViewModels */,
			);
			path = "OinkBrew Mobile Tests";
			sourceTree = "<group>";
		};
		D369511528264CBA00D51C3B /* ViewModels */ = {
			isa = PBXGroup;
			children = (
				D369511128264B7500D51C3B /* PreferenceViewModelTests.swift */,
				D34327A428E6CA4100B19689 /* UserStateViewModelTests.swift */,
			);
			path = ViewModels;
			sourceTree = "<group>";
		};
		D3752E5127DB465400D66AF4 /* Models */ = {
			isa = PBXGroup;
			children = (
				D34327A628E6D27600B19689 /* Preferences.swift */,
			);
			path = Models;
			sourceTree = "<group>";
		};
		D397A1FB26934326008F724D = {
			isa = PBXGroup;
			children = (
				D397A20626934326008F724D /* OinkBrew Mobile */,
				D369510928264AE900D51C3B /* OinkBrew Mobile Tests */,
				D3B4E0F22828044A0063BEE8 /* OinkBrew MobileUI Tests */,
				D397A20526934326008F724D /* Products */,
				97AD26CF773E6FEB0B25EFC8 /* Pods */,
				09CAA84D1A78FCAA39D4C18A /* Frameworks */,
			);
			sourceTree = "<group>";
		};
		D397A20526934326008F724D /* Products */ = {
			isa = PBXGroup;
			children = (
				D397A20426934326008F724D /* OinkBrew Mobile.app */,
				D369510828264AE800D51C3B /* OinkBrew Mobile Tests.xctest */,
				D3B4E0F12828044A0063BEE8 /* OinkBrew MobileUI Tests.xctest */,
			);
			name = Products;
			sourceTree = "<group>";
		};
		D397A20626934326008F724D /* OinkBrew Mobile */ = {
			isa = PBXGroup;
			children = (
				D34327A128E5839B00B19689 /* Extensions */,
				D36950FD281E3FEC00D51C3B /* Styles */,
				D3752E5127DB465400D66AF4 /* Models */,
				D310EC4127D9F76800994AD6 /* ViewModels */,
				D310EC4027D9F75800994AD6 /* Screens */,
				D397A21626934509008F724D /* AppDelegate.swift */,
				D369511728264FD900D51C3B /* Constants.swift */,
				D397A20726934326008F724D /* OinkBrew_MobileApp.swift */,
				D3BF87302C046D3400693E8D /* Launch.storyboard */,
				D397A20B26934327008F724D /* Assets.xcassets */,
				D397A21026934327008F724D /* Info.plist */,
				D397A20D26934327008F724D /* Preview Content */,
			);
			path = "OinkBrew Mobile";
			sourceTree = "<group>";
		};
		D397A20D26934327008F724D /* Preview Content */ = {
			isa = PBXGroup;
			children = (
				D397A20E26934327008F724D /* Preview Assets.xcassets */,
			);
			path = "Preview Content";
			sourceTree = "<group>";
		};
		D3B4E0F22828044A0063BEE8 /* OinkBrew MobileUI Tests */ = {
			isa = PBXGroup;
			children = (
				D35D60472829327B00F6710F /* Helpers */,
				D3B4E0FC282804CE0063BEE8 /* PreferenceScreenTests.swift */,
				D3A715272BF73E0E00BB824C /* SignInScreenTests.swift */,
				D3BF872B2C037D3400693E8D /* SignUpScreenTests.swift */,
			);
			path = "OinkBrew MobileUI Tests";
			sourceTree = "<group>";
		};
/* End PBXGroup section */

/* Begin PBXNativeTarget section */
		D369510728264AE700D51C3B /* OinkBrew Mobile Tests */ = {
			isa = PBXNativeTarget;
			buildConfigurationList = D369510E28264AEA00D51C3B /* Build configuration list for PBXNativeTarget "OinkBrew Mobile Tests" */;
			buildPhases = (
				33AF57A92E73193E659BEE38 /* [CP] Check Pods Manifest.lock */,
				D369510428264AE700D51C3B /* Sources */,
				D369510528264AE700D51C3B /* Frameworks */,
				D369510628264AE700D51C3B /* Resources */,
			);
			buildRules = (
			);
			dependencies = (
				D369510D28264AE900D51C3B /* PBXTargetDependency */,
			);
			name = "OinkBrew Mobile Tests";
			packageProductDependencies = (
				D36765112BDEED2700D5373D /* Mocker */,
			);
			productName = "OinkBrew Mobile Tests";
			productReference = D369510828264AE800D51C3B /* OinkBrew Mobile Tests.xctest */;
			productType = "com.apple.product-type.bundle.unit-test";
		};
		D397A20326934326008F724D /* OinkBrew Mobile */ = {
			isa = PBXNativeTarget;
			buildConfigurationList = D397A21326934327008F724D /* Build configuration list for PBXNativeTarget "OinkBrew Mobile" */;
			buildPhases = (
				0D96E4030932C0CFE7505E19 /* [CP] Check Pods Manifest.lock */,
				D397A20026934326008F724D /* Sources */,
				D397A20126934326008F724D /* Frameworks */,
				D397A20226934326008F724D /* Resources */,
			);
			buildRules = (
			);
			dependencies = (
			);
			name = "OinkBrew Mobile";
			packageProductDependencies = (
				D367650E2BDEEB4200D5373D /* Argon2Swift */,
			);
			productName = "OinkBrew Mobile";
			productReference = D397A20426934326008F724D /* OinkBrew Mobile.app */;
			productType = "com.apple.product-type.application";
		};
		D3B4E0F02828044A0063BEE8 /* OinkBrew MobileUI Tests */ = {
			isa = PBXNativeTarget;
			buildConfigurationList = D3B4E0F92828044A0063BEE8 /* Build configuration list for PBXNativeTarget "OinkBrew MobileUI Tests" */;
			buildPhases = (
				D3B4E0ED2828044A0063BEE8 /* Sources */,
				D3B4E0EE2828044A0063BEE8 /* Frameworks */,
				D3B4E0EF2828044A0063BEE8 /* Resources */,
			);
			buildRules = (
			);
			dependencies = (
				D3B4E0F82828044A0063BEE8 /* PBXTargetDependency */,
			);
			name = "OinkBrew MobileUI Tests";
			packageProductDependencies = (
				D3BF87272C03785D00693E8D /* SwiftOTP */,
				D3BF87292C03785D00693E8D /* SwiftOTP-Dynamic */,
				D3BF872E2C03821000693E8D /* Fakery */,
			);
			productName = "OinkBrew MobileUI Tests";
			productReference = D3B4E0F12828044A0063BEE8 /* OinkBrew MobileUI Tests.xctest */;
			productType = "com.apple.product-type.bundle.ui-testing";
		};
/* End PBXNativeTarget section */

/* Begin PBXProject section */
		D397A1FC26934326008F724D /* Project object */ = {
			isa = PBXProject;
			attributes = {
				BuildIndependentTargetsInParallel = YES;
				LastSwiftUpdateCheck = 1330;
				LastUpgradeCheck = 1530;
				TargetAttributes = {
					D369510728264AE700D51C3B = {
						CreatedOnToolsVersion = 13.3;
						TestTargetID = D397A20326934326008F724D;
					};
					D397A20326934326008F724D = {
						CreatedOnToolsVersion = 12.5;
					};
					D3B4E0F02828044A0063BEE8 = {
						CreatedOnToolsVersion = 13.3;
						TestTargetID = D397A20326934326008F724D;
					};
				};
			};
			buildConfigurationList = D397A1FF26934326008F724D /* Build configuration list for PBXProject "OinkBrew Mobile" */;
			compatibilityVersion = "Xcode 9.3";
			developmentRegion = en;
			hasScannedForEncodings = 0;
			knownRegions = (
				en,
				Base,
			);
			mainGroup = D397A1FB26934326008F724D;
			packageReferences = (
				D367650D2BDEEB4200D5373D /* XCRemoteSwiftPackageReference "Argon2Swift" */,
				D36765102BDEED2700D5373D /* XCRemoteSwiftPackageReference "Mocker" */,
				D3BF87262C03785D00693E8D /* XCRemoteSwiftPackageReference "SwiftOTP" */,
				D3BF872D2C03821000693E8D /* XCRemoteSwiftPackageReference "Fakery" */,
			);
			productRefGroup = D397A20526934326008F724D /* Products */;
			projectDirPath = "";
			projectRoot = "";
			targets = (
				D397A20326934326008F724D /* OinkBrew Mobile */,
				D369510728264AE700D51C3B /* OinkBrew Mobile Tests */,
				D3B4E0F02828044A0063BEE8 /* OinkBrew MobileUI Tests */,
			);
		};
/* End PBXProject section */

/* Begin PBXResourcesBuildPhase section */
		D369510628264AE700D51C3B /* Resources */ = {
			isa = PBXResourcesBuildPhase;
			buildActionMask = 2147483647;
			files = (
				D34327B328ED69D400B19689 /* signUpConfirmSuccess.json in Resources */,
				D34327B128EA0F1D00B19689 /* signUpGoodResponse.json in Resources */,
			);
			runOnlyForDeploymentPostprocessing = 0;
		};
		D397A20226934326008F724D /* Resources */ = {
			isa = PBXResourcesBuildPhase;
			buildActionMask = 2147483647;
			files = (
				D397A20F26934327008F724D /* Preview Assets.xcassets in Resources */,
				D397A20C26934327008F724D /* Assets.xcassets in Resources */,
				D3BF87312C046D3400693E8D /* Launch.storyboard in Resources */,
			);
			runOnlyForDeploymentPostprocessing = 0;
		};
		D3B4E0EF2828044A0063BEE8 /* Resources */ = {
			isa = PBXResourcesBuildPhase;
			buildActionMask = 2147483647;
			files = (
			);
			runOnlyForDeploymentPostprocessing = 0;
		};
/* End PBXResourcesBuildPhase section */

/* Begin PBXShellScriptBuildPhase section */
		0D96E4030932C0CFE7505E19 /* [CP] Check Pods Manifest.lock */ = {
			isa = PBXShellScriptBuildPhase;
			buildActionMask = 2147483647;
			files = (
			);
			inputFileListPaths = (
			);
			inputPaths = (
				"${PODS_PODFILE_DIR_PATH}/Podfile.lock",
				"${PODS_ROOT}/Manifest.lock",
			);
			name = "[CP] Check Pods Manifest.lock";
			outputFileListPaths = (
			);
			outputPaths = (
				"$(DERIVED_FILE_DIR)/Pods-OinkBrew Mobile-checkManifestLockResult.txt",
			);
			runOnlyForDeploymentPostprocessing = 0;
			shellPath = /bin/sh;
			shellScript = "diff \"${PODS_PODFILE_DIR_PATH}/Podfile.lock\" \"${PODS_ROOT}/Manifest.lock\" > /dev/null\nif [ $? != 0 ] ; then\n    # print error to STDERR\n    echo \"error: The sandbox is not in sync with the Podfile.lock. Run 'pod install' or update your CocoaPods installation.\" >&2\n    exit 1\nfi\n# This output is used by Xcode 'outputs' to avoid re-running this script phase.\necho \"SUCCESS\" > \"${SCRIPT_OUTPUT_FILE_0}\"\n";
			showEnvVarsInLog = 0;
		};
		33AF57A92E73193E659BEE38 /* [CP] Check Pods Manifest.lock */ = {
			isa = PBXShellScriptBuildPhase;
			buildActionMask = 2147483647;
			files = (
			);
			inputFileListPaths = (
			);
			inputPaths = (
				"${PODS_PODFILE_DIR_PATH}/Podfile.lock",
				"${PODS_ROOT}/Manifest.lock",
			);
			name = "[CP] Check Pods Manifest.lock";
			outputFileListPaths = (
			);
			outputPaths = (
				"$(DERIVED_FILE_DIR)/Pods-OinkBrew Mobile Tests-checkManifestLockResult.txt",
			);
			runOnlyForDeploymentPostprocessing = 0;
			shellPath = /bin/sh;
			shellScript = "diff \"${PODS_PODFILE_DIR_PATH}/Podfile.lock\" \"${PODS_ROOT}/Manifest.lock\" > /dev/null\nif [ $? != 0 ] ; then\n    # print error to STDERR\n    echo \"error: The sandbox is not in sync with the Podfile.lock. Run 'pod install' or update your CocoaPods installation.\" >&2\n    exit 1\nfi\n# This output is used by Xcode 'outputs' to avoid re-running this script phase.\necho \"SUCCESS\" > \"${SCRIPT_OUTPUT_FILE_0}\"\n";
			showEnvVarsInLog = 0;
		};
/* End PBXShellScriptBuildPhase section */

/* Begin PBXSourcesBuildPhase section */
		D369510428264AE700D51C3B /* Sources */ = {
			isa = PBXSourcesBuildPhase;
			buildActionMask = 2147483647;
			files = (
				D369511228264B7500D51C3B /* PreferenceViewModelTests.swift in Sources */,
				D34327AE28EA0C6C00B19689 /* MockedData.swift in Sources */,
				D34327A528E6CA4200B19689 /* UserStateViewModelTests.swift in Sources */,
			);
			runOnlyForDeploymentPostprocessing = 0;
		};
		D397A20026934326008F724D /* Sources */ = {
			isa = PBXSourcesBuildPhase;
			buildActionMask = 2147483647;
			files = (
				D36950FC281AC1C900D51C3B /* BackgroundStartUpView.swift in Sources */,
				D397A21726934509008F724D /* AppDelegate.swift in Sources */,
				D3695101281E518C00D51C3B /* DeviceRotationViewModifier.swift in Sources */,
				D312D0C52817FD4E00A91252 /* PreferenceViewModel.swift in Sources */,
				D36950FF281E400100D51C3B /* ButtonStyles.swift in Sources */,
				D312D0CB281800FE00A91252 /* SignUpScreen.swift in Sources */,
				D3695103281E5BFE00D51C3B /* ViewStyles.swift in Sources */,
				D35D604B282A733300F6710F /* TextFieldStyles.swift in Sources */,
				D34327A328E583BE00B19689 /* URLResponse.swift in Sources */,
				D369511828264FD900D51C3B /* Constants.swift in Sources */,
				D312D0C32817FB6E00A91252 /* UserStateViewModel.swift in Sources */,
				D312D0CD2818011400A91252 /* HomeScreen.swift in Sources */,
				D312D0C7281800D300A91252 /* PreferenceScreen.swift in Sources */,
				D397A20826934326008F724D /* OinkBrew_MobileApp.swift in Sources */,
				D34327A728E6D27600B19689 /* Preferences.swift in Sources */,
				D312D0C9281800EA00A91252 /* SignInScreen.swift in Sources */,
			);
			runOnlyForDeploymentPostprocessing = 0;
		};
		D3B4E0ED2828044A0063BEE8 /* Sources */ = {
			isa = PBXSourcesBuildPhase;
			buildActionMask = 2147483647;
			files = (
				D3A715282BF73E0E00BB824C /* SignInScreenTests.swift in Sources */,
				D3B4E0FD282804CE0063BEE8 /* PreferenceScreenTests.swift in Sources */,
				D35D60492829329A00F6710F /* XCUIApplication.UserDefaults.swift in Sources */,
				D3BF872C2C037D3400693E8D /* SignUpScreenTests.swift in Sources */,
			);
			runOnlyForDeploymentPostprocessing = 0;
		};
/* End PBXSourcesBuildPhase section */

/* Begin PBXTargetDependency section */
		D369510D28264AE900D51C3B /* PBXTargetDependency */ = {
			isa = PBXTargetDependency;
			target = D397A20326934326008F724D /* OinkBrew Mobile */;
			targetProxy = D369510C28264AE900D51C3B /* PBXContainerItemProxy */;
		};
		D3B4E0F82828044A0063BEE8 /* PBXTargetDependency */ = {
			isa = PBXTargetDependency;
			target = D397A20326934326008F724D /* OinkBrew Mobile */;
			targetProxy = D3B4E0F72828044A0063BEE8 /* PBXContainerItemProxy */;
		};
/* End PBXTargetDependency section */

/* Begin XCBuildConfiguration section */
		D369510F28264AEA00D51C3B /* Debug */ = {
			isa = XCBuildConfiguration;
			baseConfigurationReference = A67EAF68524A2199408F2310 /* Pods-OinkBrew Mobile Tests.debug.xcconfig */;
			buildSettings = {
				BUNDLE_LOADER = "$(TEST_HOST)";
				CLANG_CXX_LANGUAGE_STANDARD = "gnu++17";
				CODE_SIGN_STYLE = Automatic;
				CURRENT_PROJECT_VERSION = 1;
				GENERATE_INFOPLIST_FILE = YES;
				IPHONEOS_DEPLOYMENT_TARGET = 15.4;
				MARKETING_VERSION = 1.0;
				PRODUCT_BUNDLE_IDENTIFIER = "com.oinkbrew.mobile.OinkBrew-MobileTests";
				PRODUCT_NAME = "$(TARGET_NAME)";
				SWIFT_EMIT_LOC_STRINGS = NO;
				SWIFT_VERSION = 5.0;
				TARGETED_DEVICE_FAMILY = "1,2";
				TEST_HOST = "$(BUILT_PRODUCTS_DIR)/OinkBrew Mobile.app/OinkBrew Mobile";
			};
			name = Debug;
		};
		D369511028264AEA00D51C3B /* Release */ = {
			isa = XCBuildConfiguration;
			baseConfigurationReference = 3BB15C46180041BF95EBB8E5 /* Pods-OinkBrew Mobile Tests.release.xcconfig */;
			buildSettings = {
				BUNDLE_LOADER = "$(TEST_HOST)";
				CLANG_CXX_LANGUAGE_STANDARD = "gnu++17";
				CODE_SIGN_STYLE = Automatic;
				CURRENT_PROJECT_VERSION = 1;
				GENERATE_INFOPLIST_FILE = YES;
				IPHONEOS_DEPLOYMENT_TARGET = 15.4;
				MARKETING_VERSION = 1.0;
				PRODUCT_BUNDLE_IDENTIFIER = "com.oinkbrew.mobile.OinkBrew-MobileTests";
				PRODUCT_NAME = "$(TARGET_NAME)";
				SWIFT_EMIT_LOC_STRINGS = NO;
				SWIFT_VERSION = 5.0;
				TARGETED_DEVICE_FAMILY = "1,2";
				TEST_HOST = "$(BUILT_PRODUCTS_DIR)/OinkBrew Mobile.app/OinkBrew Mobile";
			};
			name = Release;
		};
		D397A21126934327008F724D /* Debug */ = {
			isa = XCBuildConfiguration;
			buildSettings = {
				ALWAYS_SEARCH_USER_PATHS = NO;
				ASSETCATALOG_COMPILER_GENERATE_SWIFT_ASSET_SYMBOL_EXTENSIONS = YES;
				CLANG_ANALYZER_NONNULL = YES;
				CLANG_ANALYZER_NUMBER_OBJECT_CONVERSION = YES_AGGRESSIVE;
				CLANG_CXX_LANGUAGE_STANDARD = "gnu++14";
				CLANG_CXX_LIBRARY = "libc++";
				CLANG_ENABLE_MODULES = YES;
				CLANG_ENABLE_OBJC_ARC = YES;
				CLANG_ENABLE_OBJC_WEAK = YES;
				CLANG_WARN_BLOCK_CAPTURE_AUTORELEASING = YES;
				CLANG_WARN_BOOL_CONVERSION = YES;
				CLANG_WARN_COMMA = YES;
				CLANG_WARN_CONSTANT_CONVERSION = YES;
				CLANG_WARN_DEPRECATED_OBJC_IMPLEMENTATIONS = YES;
				CLANG_WARN_DIRECT_OBJC_ISA_USAGE = YES_ERROR;
				CLANG_WARN_DOCUMENTATION_COMMENTS = YES;
				CLANG_WARN_EMPTY_BODY = YES;
				CLANG_WARN_ENUM_CONVERSION = YES;
				CLANG_WARN_INFINITE_RECURSION = YES;
				CLANG_WARN_INT_CONVERSION = YES;
				CLANG_WARN_NON_LITERAL_NULL_CONVERSION = YES;
				CLANG_WARN_OBJC_IMPLICIT_RETAIN_SELF = YES;
				CLANG_WARN_OBJC_LITERAL_CONVERSION = YES;
				CLANG_WARN_OBJC_ROOT_CLASS = YES_ERROR;
				CLANG_WARN_QUOTED_INCLUDE_IN_FRAMEWORK_HEADER = YES;
				CLANG_WARN_RANGE_LOOP_ANALYSIS = YES;
				CLANG_WARN_STRICT_PROTOTYPES = YES;
				CLANG_WARN_SUSPICIOUS_MOVE = YES;
				CLANG_WARN_UNGUARDED_AVAILABILITY = YES_AGGRESSIVE;
				CLANG_WARN_UNREACHABLE_CODE = YES;
				CLANG_WARN__DUPLICATE_METHOD_MATCH = YES;
				COPY_PHASE_STRIP = NO;
				DEBUG_INFORMATION_FORMAT = dwarf;
				ENABLE_STRICT_OBJC_MSGSEND = YES;
				ENABLE_TESTABILITY = YES;
				ENABLE_USER_SCRIPT_SANDBOXING = YES;
				GCC_C_LANGUAGE_STANDARD = gnu11;
				GCC_DYNAMIC_NO_PIC = NO;
				GCC_NO_COMMON_BLOCKS = YES;
				GCC_OPTIMIZATION_LEVEL = 0;
				GCC_PREPROCESSOR_DEFINITIONS = (
					"DEBUG=1",
					"$(inherited)",
				);
				GCC_WARN_64_TO_32_BIT_CONVERSION = YES;
				GCC_WARN_ABOUT_RETURN_TYPE = YES_ERROR;
				GCC_WARN_UNDECLARED_SELECTOR = YES;
				GCC_WARN_UNINITIALIZED_AUTOS = YES_AGGRESSIVE;
				GCC_WARN_UNUSED_FUNCTION = YES;
				GCC_WARN_UNUSED_VARIABLE = YES;
				IPHONEOS_DEPLOYMENT_TARGET = 14.5;
				MTL_ENABLE_DEBUG_INFO = INCLUDE_SOURCE;
				MTL_FAST_MATH = YES;
				ONLY_ACTIVE_ARCH = YES;
				SDKROOT = iphoneos;
				SWIFT_ACTIVE_COMPILATION_CONDITIONS = DEBUG;
				SWIFT_OPTIMIZATION_LEVEL = "-Onone";
			};
			name = Debug;
		};
		D397A21226934327008F724D /* Release */ = {
			isa = XCBuildConfiguration;
			buildSettings = {
				ALWAYS_SEARCH_USER_PATHS = NO;
				ASSETCATALOG_COMPILER_GENERATE_SWIFT_ASSET_SYMBOL_EXTENSIONS = YES;
				CLANG_ANALYZER_NONNULL = YES;
				CLANG_ANALYZER_NUMBER_OBJECT_CONVERSION = YES_AGGRESSIVE;
				CLANG_CXX_LANGUAGE_STANDARD = "gnu++14";
				CLANG_CXX_LIBRARY = "libc++";
				CLANG_ENABLE_MODULES = YES;
				CLANG_ENABLE_OBJC_ARC = YES;
				CLANG_ENABLE_OBJC_WEAK = YES;
				CLANG_WARN_BLOCK_CAPTURE_AUTORELEASING = YES;
				CLANG_WARN_BOOL_CONVERSION = YES;
				CLANG_WARN_COMMA = YES;
				CLANG_WARN_CONSTANT_CONVERSION = YES;
				CLANG_WARN_DEPRECATED_OBJC_IMPLEMENTATIONS = YES;
				CLANG_WARN_DIRECT_OBJC_ISA_USAGE = YES_ERROR;
				CLANG_WARN_DOCUMENTATION_COMMENTS = YES;
				CLANG_WARN_EMPTY_BODY = YES;
				CLANG_WARN_ENUM_CONVERSION = YES;
				CLANG_WARN_INFINITE_RECURSION = YES;
				CLANG_WARN_INT_CONVERSION = YES;
				CLANG_WARN_NON_LITERAL_NULL_CONVERSION = YES;
				CLANG_WARN_OBJC_IMPLICIT_RETAIN_SELF = YES;
				CLANG_WARN_OBJC_LITERAL_CONVERSION = YES;
				CLANG_WARN_OBJC_ROOT_CLASS = YES_ERROR;
				CLANG_WARN_QUOTED_INCLUDE_IN_FRAMEWORK_HEADER = YES;
				CLANG_WARN_RANGE_LOOP_ANALYSIS = YES;
				CLANG_WARN_STRICT_PROTOTYPES = YES;
				CLANG_WARN_SUSPICIOUS_MOVE = YES;
				CLANG_WARN_UNGUARDED_AVAILABILITY = YES_AGGRESSIVE;
				CLANG_WARN_UNREACHABLE_CODE = YES;
				CLANG_WARN__DUPLICATE_METHOD_MATCH = YES;
				COPY_PHASE_STRIP = NO;
				DEBUG_INFORMATION_FORMAT = "dwarf-with-dsym";
				ENABLE_NS_ASSERTIONS = NO;
				ENABLE_STRICT_OBJC_MSGSEND = YES;
				ENABLE_USER_SCRIPT_SANDBOXING = YES;
				GCC_C_LANGUAGE_STANDARD = gnu11;
				GCC_NO_COMMON_BLOCKS = YES;
				GCC_WARN_64_TO_32_BIT_CONVERSION = YES;
				GCC_WARN_ABOUT_RETURN_TYPE = YES_ERROR;
				GCC_WARN_UNDECLARED_SELECTOR = YES;
				GCC_WARN_UNINITIALIZED_AUTOS = YES_AGGRESSIVE;
				GCC_WARN_UNUSED_FUNCTION = YES;
				GCC_WARN_UNUSED_VARIABLE = YES;
				IPHONEOS_DEPLOYMENT_TARGET = 14.5;
				MTL_ENABLE_DEBUG_INFO = NO;
				MTL_FAST_MATH = YES;
				SDKROOT = iphoneos;
				SWIFT_COMPILATION_MODE = wholemodule;
				SWIFT_OPTIMIZATION_LEVEL = "-O";
				VALIDATE_PRODUCT = YES;
			};
			name = Release;
		};
		D397A21426934327008F724D /* Debug */ = {
			isa = XCBuildConfiguration;
			baseConfigurationReference = D1209AE12A0B4581EE702E09 /* Pods-OinkBrew Mobile.debug.xcconfig */;
			buildSettings = {
				ASSETCATALOG_COMPILER_APPICON_NAME = AppIcon;
				ASSETCATALOG_COMPILER_GLOBAL_ACCENT_COLOR_NAME = AccentColor;
				CODE_SIGN_STYLE = Automatic;
				DEVELOPMENT_ASSET_PATHS = "\"OinkBrew Mobile/Preview Content\"";
				DEVELOPMENT_TEAM = 33592VW889;
				ENABLE_PREVIEWS = YES;
				GCC_NO_COMMON_BLOCKS = YES;
				INFOPLIST_FILE = "OinkBrew Mobile/Info.plist";
				IPHONEOS_DEPLOYMENT_TARGET = 15.0;
				LD_RUNPATH_SEARCH_PATHS = (
					"$(inherited)",
					"@executable_path/Frameworks",
				);
				PRODUCT_BUNDLE_IDENTIFIER = com.oinkbrew.mobile;
				PRODUCT_NAME = "$(TARGET_NAME)";
				SWIFT_VERSION = 5.0;
				TARGETED_DEVICE_FAMILY = 2;
			};
			name = Debug;
		};
		D397A21526934327008F724D /* Release */ = {
			isa = XCBuildConfiguration;
			baseConfigurationReference = F7C3457A6FFE308F0E317835 /* Pods-OinkBrew Mobile.release.xcconfig */;
			buildSettings = {
				ASSETCATALOG_COMPILER_APPICON_NAME = AppIcon;
				ASSETCATALOG_COMPILER_GLOBAL_ACCENT_COLOR_NAME = AccentColor;
				CODE_SIGN_STYLE = Automatic;
				DEVELOPMENT_ASSET_PATHS = "\"OinkBrew Mobile/Preview Content\"";
				DEVELOPMENT_TEAM = 33592VW889;
				ENABLE_PREVIEWS = YES;
				GCC_NO_COMMON_BLOCKS = YES;
				INFOPLIST_FILE = "OinkBrew Mobile/Info.plist";
				IPHONEOS_DEPLOYMENT_TARGET = 15.0;
				LD_RUNPATH_SEARCH_PATHS = (
					"$(inherited)",
					"@executable_path/Frameworks",
				);
				PRODUCT_BUNDLE_IDENTIFIER = com.oinkbrew.mobile;
				PRODUCT_NAME = "$(TARGET_NAME)";
				SWIFT_VERSION = 5.0;
				TARGETED_DEVICE_FAMILY = 2;
			};
			name = Release;
		};
		D3B4E0FA2828044A0063BEE8 /* Debug */ = {
			isa = XCBuildConfiguration;
			buildSettings = {
				CLANG_CXX_LANGUAGE_STANDARD = "gnu++17";
				CODE_SIGN_STYLE = Automatic;
				CURRENT_PROJECT_VERSION = 1;
				GENERATE_INFOPLIST_FILE = YES;
				IPHONEOS_DEPLOYMENT_TARGET = 15.4;
				MARKETING_VERSION = 1.0;
				PRODUCT_BUNDLE_IDENTIFIER = "com.oinkbrew.mobile.OinkBrew-MobileUI-Tests";
				PRODUCT_NAME = "$(TARGET_NAME)";
				SWIFT_EMIT_LOC_STRINGS = NO;
				SWIFT_VERSION = 5.0;
				TARGETED_DEVICE_FAMILY = "1,2";
				TEST_TARGET_NAME = "OinkBrew Mobile";
			};
			name = Debug;
		};
		D3B4E0FB2828044A0063BEE8 /* Release */ = {
			isa = XCBuildConfiguration;
			buildSettings = {
				CLANG_CXX_LANGUAGE_STANDARD = "gnu++17";
				CODE_SIGN_STYLE = Automatic;
				CURRENT_PROJECT_VERSION = 1;
				GENERATE_INFOPLIST_FILE = YES;
				IPHONEOS_DEPLOYMENT_TARGET = 15.4;
				MARKETING_VERSION = 1.0;
				PRODUCT_BUNDLE_IDENTIFIER = "com.oinkbrew.mobile.OinkBrew-MobileUI-Tests";
				PRODUCT_NAME = "$(TARGET_NAME)";
				SWIFT_EMIT_LOC_STRINGS = NO;
				SWIFT_VERSION = 5.0;
				TARGETED_DEVICE_FAMILY = "1,2";
				TEST_TARGET_NAME = "OinkBrew Mobile";
			};
			name = Release;
		};
/* End XCBuildConfiguration section */

/* Begin XCConfigurationList section */
		D369510E28264AEA00D51C3B /* Build configuration list for PBXNativeTarget "OinkBrew Mobile Tests" */ = {
			isa = XCConfigurationList;
			buildConfigurations = (
				D369510F28264AEA00D51C3B /* Debug */,
				D369511028264AEA00D51C3B /* Release */,
			);
			defaultConfigurationIsVisible = 0;
			defaultConfigurationName = Release;
		};
		D397A1FF26934326008F724D /* Build configuration list for PBXProject "OinkBrew Mobile" */ = {
			isa = XCConfigurationList;
			buildConfigurations = (
				D397A21126934327008F724D /* Debug */,
				D397A21226934327008F724D /* Release */,
			);
			defaultConfigurationIsVisible = 0;
			defaultConfigurationName = Release;
		};
		D397A21326934327008F724D /* Build configuration list for PBXNativeTarget "OinkBrew Mobile" */ = {
			isa = XCConfigurationList;
			buildConfigurations = (
				D397A21426934327008F724D /* Debug */,
				D397A21526934327008F724D /* Release */,
			);
			defaultConfigurationIsVisible = 0;
			defaultConfigurationName = Release;
		};
		D3B4E0F92828044A0063BEE8 /* Build configuration list for PBXNativeTarget "OinkBrew MobileUI Tests" */ = {
			isa = XCConfigurationList;
			buildConfigurations = (
				D3B4E0FA2828044A0063BEE8 /* Debug */,
				D3B4E0FB2828044A0063BEE8 /* Release */,
			);
			defaultConfigurationIsVisible = 0;
			defaultConfigurationName = Release;
		};
/* End XCConfigurationList section */

/* Begin XCRemoteSwiftPackageReference section */
		D367650D2BDEEB4200D5373D /* XCRemoteSwiftPackageReference "Argon2Swift" */ = {
			isa = XCRemoteSwiftPackageReference;
			repositoryURL = "https://github.com/tmthecoder/Argon2Swift.git";
			requirement = {
				branch = main;
				kind = branch;
			};
		};
		D36765102BDEED2700D5373D /* XCRemoteSwiftPackageReference "Mocker" */ = {
			isa = XCRemoteSwiftPackageReference;
			repositoryURL = "https://github.com/WeTransfer/Mocker.git";
			requirement = {
				kind = upToNextMajorVersion;
				minimumVersion = 3.0.2;
			};
		};
		D3BF87262C03785D00693E8D /* XCRemoteSwiftPackageReference "SwiftOTP" */ = {
			isa = XCRemoteSwiftPackageReference;
			repositoryURL = "https://github.com/lachlanbell/SwiftOTP.git";
			requirement = {
				kind = upToNextMajorVersion;
				minimumVersion = 3.0.2;
			};
		};
		D3BF872D2C03821000693E8D /* XCRemoteSwiftPackageReference "Fakery" */ = {
			isa = XCRemoteSwiftPackageReference;
			repositoryURL = "https://github.com/vadymmarkov/Fakery";
			requirement = {
				kind = upToNextMajorVersion;
				minimumVersion = 5.1.0;
			};
		};
/* End XCRemoteSwiftPackageReference section */

/* Begin XCSwiftPackageProductDependency section */
		D367650E2BDEEB4200D5373D /* Argon2Swift */ = {
			isa = XCSwiftPackageProductDependency;
			package = D367650D2BDEEB4200D5373D /* XCRemoteSwiftPackageReference "Argon2Swift" */;
			productName = Argon2Swift;
		};
		D36765112BDEED2700D5373D /* Mocker */ = {
			isa = XCSwiftPackageProductDependency;
			package = D36765102BDEED2700D5373D /* XCRemoteSwiftPackageReference "Mocker" */;
			productName = Mocker;
		};
		D3BF87272C03785D00693E8D /* SwiftOTP */ = {
			isa = XCSwiftPackageProductDependency;
			package = D3BF87262C03785D00693E8D /* XCRemoteSwiftPackageReference "SwiftOTP" */;
			productName = SwiftOTP;
		};
		D3BF87292C03785D00693E8D /* SwiftOTP-Dynamic */ = {
			isa = XCSwiftPackageProductDependency;
			package = D3BF87262C03785D00693E8D /* XCRemoteSwiftPackageReference "SwiftOTP" */;
			productName = "SwiftOTP-Dynamic";
		};
		D3BF872E2C03821000693E8D /* Fakery */ = {
			isa = XCSwiftPackageProductDependency;
			package = D3BF872D2C03821000693E8D /* XCRemoteSwiftPackageReference "Fakery" */;
			productName = Fakery;
		};
/* End XCSwiftPackageProductDependency section */
	};
	rootObject = D397A1FC26934326008F724D /* Project object */;
}
